
Microsoft Visual Studio Solution File, Format Version 12.00
Project("{FAE04EC0-301F-11D3-BF4B-00C04F79EFBC}") = "sogs.controller", "sogs.controller\sogs.controller.csproj", "{86012740-C71C-4897-BF3C-6C74FFAE598E}"
EndProject
Project("{FAE04EC0-301F-11D3-BF4B-00C04F79EFBC}") = "sogs.repository", "sogs.repository\sogs.repository.csproj", "{82BEC5AD-A649-4290-8679-F214433FD40F}"
EndProject
Project("{FAE04EC0-301F-11D3-BF4B-00C04F79EFBC}") = "sogs.service", "sogs.service\sogs.service.csproj", "{748EF3C0-0742-4B0D-87B1-B1496FDD64D6}"
EndProject
Project("{FAE04EC0-301F-11D3-BF4B-00C04F79EFBC}") = "sogs.domain", "sogs.domain\sogs.domain.csproj", "{92669850-0D67-4E40-8E8B-F6670EF68168}"
EndProject
Global
	GlobalSection(SolutionConfigurationPlatforms) = preSolution
		Debug|Any CPU = Debug|Any CPU
		Release|Any CPU = Release|Any CPU
	EndGlobalSection
	GlobalSection(ProjectConfigurationPlatforms) = postSolution
		{86012740-C71C-4897-BF3C-6C74FFAE598E}.Debug|Any CPU.ActiveCfg = Debug|Any CPU
		{86012740-C71C-4897-BF3C-6C74FFAE598E}.Debug|Any CPU.Build.0 = Debug|Any CPU
		{86012740-C71C-4897-BF3C-6C74FFAE598E}.Release|Any CPU.ActiveCfg = Release|Any CPU
		{86012740-C71C-4897-BF3C-6C74FFAE598E}.Release|Any CPU.Build.0 = Release|Any CPU
		{82BEC5AD-A649-4290-8679-F214433FD40F}.Debug|Any CPU.ActiveCfg = Debug|Any CPU
		{82BEC5AD-A649-4290-8679-F214433FD40F}.Debug|Any CPU.Build.0 = Debug|Any CPU
		{82BEC5AD-A649-4290-8679-F214433FD40F}.Release|Any CPU.ActiveCfg = Release|Any CPU
		{82BEC5AD-A649-4290-8679-F214433FD40F}.Release|Any CPU.Build.0 = Release|Any CPU
		{748EF3C0-0742-4B0D-87B1-B1496FDD64D6}.Debug|Any CPU.ActiveCfg = Debug|Any CPU
		{748EF3C0-0742-4B0D-87B1-B1496FDD64D6}.Debug|Any CPU.Build.0 = Debug|Any CPU
		{748EF3C0-0742-4B0D-87B1-B1496FDD64D6}.Release|Any CPU.ActiveCfg = Release|Any CPU
		{748EF3C0-0742-4B0D-87B1-B1496FDD64D6}.Release|Any CPU.Build.0 = Release|Any CPU
		{92669850-0D67-4E40-8E8B-F6670EF68168}.Debug|Any CPU.ActiveCfg = Debug|Any CPU
		{92669850-0D67-4E40-8E8B-F6670EF68168}.Debug|Any CPU.Build.0 = Debug|Any CPU
		{92669850-0D67-4E40-8E8B-F6670EF68168}.Release|Any CPU.ActiveCfg = Release|Any CPU
		{92669850-0D67-4E40-8E8B-F6670EF68168}.Release|Any CPU.Build.0 = Release|Any CPU
	EndGlobalSection
EndGlobal
